// !$*UTF8*$!
{
	archiveVersion = 1;
	classes = {
	};
	objectVersion = 51;
	objects = {

/* Begin PBXBuildFile section */
		0A54B56F58F1FC1318F7D122 /* Pods_PresnyaHedonistTests.framework in Frameworks */ = {isa = PBXBuildFile; fileRef = 0A101A0E2D9B8BB7301A8177 /* Pods_PresnyaHedonistTests.framework */; };
		7408BF1611355EBFFA1E3029 /* Pods_PresnyaHedonist.framework in Frameworks */ = {isa = PBXBuildFile; fileRef = 4E250EE2BF5996AF844DB9C0 /* Pods_PresnyaHedonist.framework */; };
		82F36A1EEA55785FA15206A4 /* Pods_PresnyaHedonist_PresnyaHedonistUITests.framework in Frameworks */ = {isa = PBXBuildFile; fileRef = 2B4F5C7ED722E40E41356D63 /* Pods_PresnyaHedonist_PresnyaHedonistUITests.framework */; };
		E6023C3B269DB39B0035AA7F /* AppDelegate.swift in Sources */ = {isa = PBXBuildFile; fileRef = E6023C3A269DB39B0035AA7F /* AppDelegate.swift */; };
		E6023C3D269DB39B0035AA7F /* SceneDelegate.swift in Sources */ = {isa = PBXBuildFile; fileRef = E6023C3C269DB39B0035AA7F /* SceneDelegate.swift */; };
		E6023C42269DB39B0035AA7F /* Main.storyboard in Resources */ = {isa = PBXBuildFile; fileRef = E6023C40269DB39B0035AA7F /* Main.storyboard */; };
		E6023C45269DB39B0035AA7F /* PresnyaHedonist.xcdatamodeld in Sources */ = {isa = PBXBuildFile; fileRef = E6023C43269DB39B0035AA7F /* PresnyaHedonist.xcdatamodeld */; };
		E6023C47269DB39C0035AA7F /* Assets.xcassets in Resources */ = {isa = PBXBuildFile; fileRef = E6023C46269DB39C0035AA7F /* Assets.xcassets */; };
		E6023C4A269DB39C0035AA7F /* LaunchScreen.storyboard in Resources */ = {isa = PBXBuildFile; fileRef = E6023C48269DB39C0035AA7F /* LaunchScreen.storyboard */; };
		E6023C55269DB39C0035AA7F /* PresnyaHedonistTests.swift in Sources */ = {isa = PBXBuildFile; fileRef = E6023C54269DB39C0035AA7F /* PresnyaHedonistTests.swift */; };
		E6023C60269DB39C0035AA7F /* PresnyaHedonistUITests.swift in Sources */ = {isa = PBXBuildFile; fileRef = E6023C5F269DB39C0035AA7F /* PresnyaHedonistUITests.swift */; };
		E6023C73269DE3A90035AA7F /* FeedCell.swift in Sources */ = {isa = PBXBuildFile; fileRef = E6023C72269DE3A90035AA7F /* FeedCell.swift */; };
		E6023C75269DE41C0035AA7F /* FeedVC.swift in Sources */ = {isa = PBXBuildFile; fileRef = E6023C74269DE41C0035AA7F /* FeedVC.swift */; };
		E6023C77269DE4400035AA7F /* DetailsVC.swift in Sources */ = {isa = PBXBuildFile; fileRef = E6023C76269DE4400035AA7F /* DetailsVC.swift */; };
		E6023C79269DE45C0035AA7F /* InfoVC.swift in Sources */ = {isa = PBXBuildFile; fileRef = E6023C78269DE45C0035AA7F /* InfoVC.swift */; };
		E6023C7B269DE47C0035AA7F /* PlaceMapVC.swift in Sources */ = {isa = PBXBuildFile; fileRef = E6023C7A269DE47C0035AA7F /* PlaceMapVC.swift */; };
		E6023C81269DE4EF0035AA7F /* FavoritesVC.swift in Sources */ = {isa = PBXBuildFile; fileRef = E6023C80269DE4EF0035AA7F /* FavoritesVC.swift */; };
		E6023C83269DE54C0035AA7F /* Constants.swift in Sources */ = {isa = PBXBuildFile; fileRef = E6023C82269DE54C0035AA7F /* Constants.swift */; };
		E627A64D26DA0AA600F73D82 /* FavsCell.swift in Sources */ = {isa = PBXBuildFile; fileRef = E627A64C26DA0AA600F73D82 /* FavsCell.swift */; };
		E652E0E926A43A1200DEDF92 /* TableView + Ext.swift in Sources */ = {isa = PBXBuildFile; fileRef = E652E0E826A43A1200DEDF92 /* TableView + Ext.swift */; };
		E65F31F826ABF91200946DC2 /* ViewController + Ext.swift in Sources */ = {isa = PBXBuildFile; fileRef = E65F31F726ABF91200946DC2 /* ViewController + Ext.swift */; };
		E692553E26A172550004E348 /* data.json in Resources */ = {isa = PBXBuildFile; fileRef = E692553D26A172550004E348 /* data.json */; };
		E6A06B1F26A2EB09003999AB /* LabGrotesque-Bold.ttf in Resources */ = {isa = PBXBuildFile; fileRef = E6A06B1926A2EB09003999AB /* LabGrotesque-Bold.ttf */; };
		E6A06B2026A2EB09003999AB /* LabGrotesque-Medium.ttf in Resources */ = {isa = PBXBuildFile; fileRef = E6A06B1A26A2EB09003999AB /* LabGrotesque-Medium.ttf */; };
		E6A06B2126A2EB09003999AB /* LabGrotesque-Black.ttf in Resources */ = {isa = PBXBuildFile; fileRef = E6A06B1B26A2EB09003999AB /* LabGrotesque-Black.ttf */; };
		E6A06B2226A2EB09003999AB /* LabGrotesque-Regular.ttf in Resources */ = {isa = PBXBuildFile; fileRef = E6A06B1C26A2EB09003999AB /* LabGrotesque-Regular.ttf */; };
		E6A1777F26EA42D50099CC5A /* MyAnnotation.swift in Sources */ = {isa = PBXBuildFile; fileRef = E6A1777E26EA42D50099CC5A /* MyAnnotation.swift */; };
		E6C1DD7F26B3E7C200329E37 /* MapVC.swift in Sources */ = {isa = PBXBuildFile; fileRef = E6C1DD7E26B3E7C200329E37 /* MapVC.swift */; };
/* End PBXBuildFile section */

/* Begin PBXContainerItemProxy section */
		E6023C51269DB39C0035AA7F /* PBXContainerItemProxy */ = {
			isa = PBXContainerItemProxy;
			containerPortal = E6023C2F269DB39B0035AA7F /* Project object */;
			proxyType = 1;
			remoteGlobalIDString = E6023C36269DB39B0035AA7F;
			remoteInfo = PresnyaHedonist;
		};
		E6023C5C269DB39C0035AA7F /* PBXContainerItemProxy */ = {
			isa = PBXContainerItemProxy;
			containerPortal = E6023C2F269DB39B0035AA7F /* Project object */;
			proxyType = 1;
			remoteGlobalIDString = E6023C36269DB39B0035AA7F;
			remoteInfo = PresnyaHedonist;
		};
/* End PBXContainerItemProxy section */

/* Begin PBXFileReference section */
		080DAD067FAA74A22BA62732 /* Pods-PresnyaHedonist-PresnyaHedonistUITests.debug.xcconfig */ = {isa = PBXFileReference; includeInIndex = 1; lastKnownFileType = text.xcconfig; name = "Pods-PresnyaHedonist-PresnyaHedonistUITests.debug.xcconfig"; path = "Target Support Files/Pods-PresnyaHedonist-PresnyaHedonistUITests/Pods-PresnyaHedonist-PresnyaHedonistUITests.debug.xcconfig"; sourceTree = "<group>"; };
		0A101A0E2D9B8BB7301A8177 /* Pods_PresnyaHedonistTests.framework */ = {isa = PBXFileReference; explicitFileType = wrapper.framework; includeInIndex = 0; path = Pods_PresnyaHedonistTests.framework; sourceTree = BUILT_PRODUCTS_DIR; };
		0FCC98EE4722969101B59D39 /* Pods-PresnyaHedonistTests.debug.xcconfig */ = {isa = PBXFileReference; includeInIndex = 1; lastKnownFileType = text.xcconfig; name = "Pods-PresnyaHedonistTests.debug.xcconfig"; path = "Target Support Files/Pods-PresnyaHedonistTests/Pods-PresnyaHedonistTests.debug.xcconfig"; sourceTree = "<group>"; };
		16A4F7CFC9A9D6C2A081E609 /* Pods-PresnyaHedonist-PresnyaHedonistUITests.release.xcconfig */ = {isa = PBXFileReference; includeInIndex = 1; lastKnownFileType = text.xcconfig; name = "Pods-PresnyaHedonist-PresnyaHedonistUITests.release.xcconfig"; path = "Target Support Files/Pods-PresnyaHedonist-PresnyaHedonistUITests/Pods-PresnyaHedonist-PresnyaHedonistUITests.release.xcconfig"; sourceTree = "<group>"; };
		2B4F5C7ED722E40E41356D63 /* Pods_PresnyaHedonist_PresnyaHedonistUITests.framework */ = {isa = PBXFileReference; explicitFileType = wrapper.framework; includeInIndex = 0; path = Pods_PresnyaHedonist_PresnyaHedonistUITests.framework; sourceTree = BUILT_PRODUCTS_DIR; };
		4E250EE2BF5996AF844DB9C0 /* Pods_PresnyaHedonist.framework */ = {isa = PBXFileReference; explicitFileType = wrapper.framework; includeInIndex = 0; path = Pods_PresnyaHedonist.framework; sourceTree = BUILT_PRODUCTS_DIR; };
		7B8C0531B7671E7F94BD57B3 /* Pods-PresnyaHedonist.debug.xcconfig */ = {isa = PBXFileReference; includeInIndex = 1; lastKnownFileType = text.xcconfig; name = "Pods-PresnyaHedonist.debug.xcconfig"; path = "Target Support Files/Pods-PresnyaHedonist/Pods-PresnyaHedonist.debug.xcconfig"; sourceTree = "<group>"; };
		8464E818D0FFBADE37DF35DE /* Pods-PresnyaHedonist.release.xcconfig */ = {isa = PBXFileReference; includeInIndex = 1; lastKnownFileType = text.xcconfig; name = "Pods-PresnyaHedonist.release.xcconfig"; path = "Target Support Files/Pods-PresnyaHedonist/Pods-PresnyaHedonist.release.xcconfig"; sourceTree = "<group>"; };
		D28F84562B785134D551398E /* Pods-PresnyaHedonistTests.release.xcconfig */ = {isa = PBXFileReference; includeInIndex = 1; lastKnownFileType = text.xcconfig; name = "Pods-PresnyaHedonistTests.release.xcconfig"; path = "Target Support Files/Pods-PresnyaHedonistTests/Pods-PresnyaHedonistTests.release.xcconfig"; sourceTree = "<group>"; };
		E6023C37269DB39B0035AA7F /* PresnyaHedonist.app */ = {isa = PBXFileReference; explicitFileType = wrapper.application; includeInIndex = 0; path = PresnyaHedonist.app; sourceTree = BUILT_PRODUCTS_DIR; };
		E6023C3A269DB39B0035AA7F /* AppDelegate.swift */ = {isa = PBXFileReference; lastKnownFileType = sourcecode.swift; path = AppDelegate.swift; sourceTree = "<group>"; };
		E6023C3C269DB39B0035AA7F /* SceneDelegate.swift */ = {isa = PBXFileReference; lastKnownFileType = sourcecode.swift; path = SceneDelegate.swift; sourceTree = "<group>"; };
		E6023C41269DB39B0035AA7F /* Base */ = {isa = PBXFileReference; lastKnownFileType = file.storyboard; name = Base; path = Base.lproj/Main.storyboard; sourceTree = "<group>"; };
		E6023C44269DB39B0035AA7F /* PresnyaHedonist.xcdatamodel */ = {isa = PBXFileReference; lastKnownFileType = wrapper.xcdatamodel; path = PresnyaHedonist.xcdatamodel; sourceTree = "<group>"; };
		E6023C46269DB39C0035AA7F /* Assets.xcassets */ = {isa = PBXFileReference; lastKnownFileType = folder.assetcatalog; path = Assets.xcassets; sourceTree = "<group>"; };
		E6023C49269DB39C0035AA7F /* Base */ = {isa = PBXFileReference; lastKnownFileType = file.storyboard; name = Base; path = Base.lproj/LaunchScreen.storyboard; sourceTree = "<group>"; };
		E6023C4B269DB39C0035AA7F /* Info.plist */ = {isa = PBXFileReference; lastKnownFileType = text.plist.xml; path = Info.plist; sourceTree = "<group>"; };
		E6023C50269DB39C0035AA7F /* PresnyaHedonistTests.xctest */ = {isa = PBXFileReference; explicitFileType = wrapper.cfbundle; includeInIndex = 0; path = PresnyaHedonistTests.xctest; sourceTree = BUILT_PRODUCTS_DIR; };
		E6023C54269DB39C0035AA7F /* PresnyaHedonistTests.swift */ = {isa = PBXFileReference; lastKnownFileType = sourcecode.swift; path = PresnyaHedonistTests.swift; sourceTree = "<group>"; };
		E6023C56269DB39C0035AA7F /* Info.plist */ = {isa = PBXFileReference; lastKnownFileType = text.plist.xml; path = Info.plist; sourceTree = "<group>"; };
		E6023C5B269DB39C0035AA7F /* PresnyaHedonistUITests.xctest */ = {isa = PBXFileReference; explicitFileType = wrapper.cfbundle; includeInIndex = 0; path = PresnyaHedonistUITests.xctest; sourceTree = BUILT_PRODUCTS_DIR; };
		E6023C5F269DB39C0035AA7F /* PresnyaHedonistUITests.swift */ = {isa = PBXFileReference; lastKnownFileType = sourcecode.swift; path = PresnyaHedonistUITests.swift; sourceTree = "<group>"; };
		E6023C61269DB39C0035AA7F /* Info.plist */ = {isa = PBXFileReference; lastKnownFileType = text.plist.xml; path = Info.plist; sourceTree = "<group>"; };
		E6023C72269DE3A90035AA7F /* FeedCell.swift */ = {isa = PBXFileReference; lastKnownFileType = sourcecode.swift; path = FeedCell.swift; sourceTree = "<group>"; };
		E6023C74269DE41C0035AA7F /* FeedVC.swift */ = {isa = PBXFileReference; lastKnownFileType = sourcecode.swift; path = FeedVC.swift; sourceTree = "<group>"; };
		E6023C76269DE4400035AA7F /* DetailsVC.swift */ = {isa = PBXFileReference; lastKnownFileType = sourcecode.swift; path = DetailsVC.swift; sourceTree = "<group>"; };
		E6023C78269DE45C0035AA7F /* InfoVC.swift */ = {isa = PBXFileReference; lastKnownFileType = sourcecode.swift; path = InfoVC.swift; sourceTree = "<group>"; };
		E6023C7A269DE47C0035AA7F /* PlaceMapVC.swift */ = {isa = PBXFileReference; lastKnownFileType = sourcecode.swift; path = PlaceMapVC.swift; sourceTree = "<group>"; };
		E6023C80269DE4EF0035AA7F /* FavoritesVC.swift */ = {isa = PBXFileReference; lastKnownFileType = sourcecode.swift; path = FavoritesVC.swift; sourceTree = "<group>"; };
		E6023C82269DE54C0035AA7F /* Constants.swift */ = {isa = PBXFileReference; lastKnownFileType = sourcecode.swift; path = Constants.swift; sourceTree = "<group>"; };
		E627A64C26DA0AA600F73D82 /* FavsCell.swift */ = {isa = PBXFileReference; lastKnownFileType = sourcecode.swift; path = FavsCell.swift; sourceTree = "<group>"; };
		E652E0E826A43A1200DEDF92 /* TableView + Ext.swift */ = {isa = PBXFileReference; lastKnownFileType = sourcecode.swift; path = "TableView + Ext.swift"; sourceTree = "<group>"; };
		E65F31F726ABF91200946DC2 /* ViewController + Ext.swift */ = {isa = PBXFileReference; lastKnownFileType = sourcecode.swift; path = "ViewController + Ext.swift"; sourceTree = "<group>"; };
		E692553D26A172550004E348 /* data.json */ = {isa = PBXFileReference; fileEncoding = 4; lastKnownFileType = text.json; path = data.json; sourceTree = "<group>"; };
		E6A06B1926A2EB09003999AB /* LabGrotesque-Bold.ttf */ = {isa = PBXFileReference; lastKnownFileType = file; path = "LabGrotesque-Bold.ttf"; sourceTree = "<group>"; };
		E6A06B1A26A2EB09003999AB /* LabGrotesque-Medium.ttf */ = {isa = PBXFileReference; lastKnownFileType = file; path = "LabGrotesque-Medium.ttf"; sourceTree = "<group>"; };
		E6A06B1B26A2EB09003999AB /* LabGrotesque-Black.ttf */ = {isa = PBXFileReference; lastKnownFileType = file; path = "LabGrotesque-Black.ttf"; sourceTree = "<group>"; };
		E6A06B1C26A2EB09003999AB /* LabGrotesque-Regular.ttf */ = {isa = PBXFileReference; lastKnownFileType = file; path = "LabGrotesque-Regular.ttf"; sourceTree = "<group>"; };
		E6A1777E26EA42D50099CC5A /* MyAnnotation.swift */ = {isa = PBXFileReference; lastKnownFileType = sourcecode.swift; path = MyAnnotation.swift; sourceTree = "<group>"; };
		E6C1DD7E26B3E7C200329E37 /* MapVC.swift */ = {isa = PBXFileReference; lastKnownFileType = sourcecode.swift; path = MapVC.swift; sourceTree = "<group>"; };
/* End PBXFileReference section */

/* Begin PBXFrameworksBuildPhase section */
		E6023C34269DB39B0035AA7F /* Frameworks */ = {
			isa = PBXFrameworksBuildPhase;
			buildActionMask = 2147483647;
			files = (
				7408BF1611355EBFFA1E3029 /* Pods_PresnyaHedonist.framework in Frameworks */,
			);
			runOnlyForDeploymentPostprocessing = 0;
		};
		E6023C4D269DB39C0035AA7F /* Frameworks */ = {
			isa = PBXFrameworksBuildPhase;
			buildActionMask = 2147483647;
			files = (
				0A54B56F58F1FC1318F7D122 /* Pods_PresnyaHedonistTests.framework in Frameworks */,
			);
			runOnlyForDeploymentPostprocessing = 0;
		};
		E6023C58269DB39C0035AA7F /* Frameworks */ = {
			isa = PBXFrameworksBuildPhase;
			buildActionMask = 2147483647;
			files = (
				82F36A1EEA55785FA15206A4 /* Pods_PresnyaHedonist_PresnyaHedonistUITests.framework in Frameworks */,
			);
			runOnlyForDeploymentPostprocessing = 0;
		};
/* End PBXFrameworksBuildPhase section */

/* Begin PBXGroup section */
		5557A2D35BD21E42669E11A4 /* Frameworks */ = {
			isa = PBXGroup;
			children = (
				4E250EE2BF5996AF844DB9C0 /* Pods_PresnyaHedonist.framework */,
				2B4F5C7ED722E40E41356D63 /* Pods_PresnyaHedonist_PresnyaHedonistUITests.framework */,
				0A101A0E2D9B8BB7301A8177 /* Pods_PresnyaHedonistTests.framework */,
			);
			name = Frameworks;
			sourceTree = "<group>";
		};
		676391F65FC3080AA11C6D98 /* Pods */ = {
			isa = PBXGroup;
			children = (
				7B8C0531B7671E7F94BD57B3 /* Pods-PresnyaHedonist.debug.xcconfig */,
				8464E818D0FFBADE37DF35DE /* Pods-PresnyaHedonist.release.xcconfig */,
				080DAD067FAA74A22BA62732 /* Pods-PresnyaHedonist-PresnyaHedonistUITests.debug.xcconfig */,
				16A4F7CFC9A9D6C2A081E609 /* Pods-PresnyaHedonist-PresnyaHedonistUITests.release.xcconfig */,
				0FCC98EE4722969101B59D39 /* Pods-PresnyaHedonistTests.debug.xcconfig */,
				D28F84562B785134D551398E /* Pods-PresnyaHedonistTests.release.xcconfig */,
			);
			path = Pods;
			sourceTree = "<group>";
		};
		E6023C2E269DB39B0035AA7F = {
			isa = PBXGroup;
			children = (
				E6023C39269DB39B0035AA7F /* PresnyaHedonist */,
				E6023C53269DB39C0035AA7F /* PresnyaHedonistTests */,
				E6023C5E269DB39C0035AA7F /* PresnyaHedonistUITests */,
				E6023C38269DB39B0035AA7F /* Products */,
				676391F65FC3080AA11C6D98 /* Pods */,
				5557A2D35BD21E42669E11A4 /* Frameworks */,
			);
			sourceTree = "<group>";
		};
		E6023C38269DB39B0035AA7F /* Products */ = {
			isa = PBXGroup;
			children = (
				E6023C37269DB39B0035AA7F /* PresnyaHedonist.app */,
				E6023C50269DB39C0035AA7F /* PresnyaHedonistTests.xctest */,
				E6023C5B269DB39C0035AA7F /* PresnyaHedonistUITests.xctest */,
			);
			name = Products;
			sourceTree = "<group>";
		};
		E6023C39269DB39B0035AA7F /* PresnyaHedonist */ = {
			isa = PBXGroup;
			children = (
				E6023C3A269DB39B0035AA7F /* AppDelegate.swift */,
				E6023C3C269DB39B0035AA7F /* SceneDelegate.swift */,
				E6023C4B269DB39C0035AA7F /* Info.plist */,
				E6023C46269DB39C0035AA7F /* Assets.xcassets */,
				E6A06B1626A2EAE7003999AB /* Fonts */,
				E6023C6D269DE1700035AA7F /* Storyboards */,
				E6023C6F269DE1C70035AA7F /* Controllers */,
				E6023C6E269DE1A70035AA7F /* Views */,
				E6023C71269DE1D70035AA7F /* Helpers */,
				E6023C70269DE1D00035AA7F /* Data */,
			);
			path = PresnyaHedonist;
			sourceTree = "<group>";
		};
		E6023C53269DB39C0035AA7F /* PresnyaHedonistTests */ = {
			isa = PBXGroup;
			children = (
				E6023C54269DB39C0035AA7F /* PresnyaHedonistTests.swift */,
				E6023C56269DB39C0035AA7F /* Info.plist */,
			);
			path = PresnyaHedonistTests;
			sourceTree = "<group>";
		};
		E6023C5E269DB39C0035AA7F /* PresnyaHedonistUITests */ = {
			isa = PBXGroup;
			children = (
				E6023C5F269DB39C0035AA7F /* PresnyaHedonistUITests.swift */,
				E6023C61269DB39C0035AA7F /* Info.plist */,
			);
			path = PresnyaHedonistUITests;
			sourceTree = "<group>";
		};
		E6023C6D269DE1700035AA7F /* Storyboards */ = {
			isa = PBXGroup;
			children = (
				E6023C48269DB39C0035AA7F /* LaunchScreen.storyboard */,
				E6023C40269DB39B0035AA7F /* Main.storyboard */,
			);
			path = Storyboards;
			sourceTree = "<group>";
		};
		E6023C6E269DE1A70035AA7F /* Views */ = {
			isa = PBXGroup;
			children = (
				E6023C72269DE3A90035AA7F /* FeedCell.swift */,
				E627A64C26DA0AA600F73D82 /* FavsCell.swift */,
			);
			path = Views;
			sourceTree = "<group>";
		};
		E6023C6F269DE1C70035AA7F /* Controllers */ = {
			isa = PBXGroup;
			children = (
				E6023C74269DE41C0035AA7F /* FeedVC.swift */,
				E6023C80269DE4EF0035AA7F /* FavoritesVC.swift */,
				E6C1DD7E26B3E7C200329E37 /* MapVC.swift */,
				E6023C76269DE4400035AA7F /* DetailsVC.swift */,
				E6023C78269DE45C0035AA7F /* InfoVC.swift */,
				E6023C7A269DE47C0035AA7F /* PlaceMapVC.swift */,
			);
			path = Controllers;
			sourceTree = "<group>";
		};
		E6023C70269DE1D00035AA7F /* Data */ = {
			isa = PBXGroup;
			children = (
				E6023C43269DB39B0035AA7F /* PresnyaHedonist.xcdatamodeld */,
				E692553D26A172550004E348 /* data.json */,
			);
			path = Data;
			sourceTree = "<group>";
		};
		E6023C71269DE1D70035AA7F /* Helpers */ = {
			isa = PBXGroup;
			children = (
				E6023C82269DE54C0035AA7F /* Constants.swift */,
				E652E0E826A43A1200DEDF92 /* TableView + Ext.swift */,
				E65F31F726ABF91200946DC2 /* ViewController + Ext.swift */,
				E6A1777E26EA42D50099CC5A /* MyAnnotation.swift */,
			);
			path = Helpers;
			sourceTree = "<group>";
		};
		E6A06B1626A2EAE7003999AB /* Fonts */ = {
			isa = PBXGroup;
			children = (
				E6A06B1B26A2EB09003999AB /* LabGrotesque-Black.ttf */,
				E6A06B1926A2EB09003999AB /* LabGrotesque-Bold.ttf */,
				E6A06B1A26A2EB09003999AB /* LabGrotesque-Medium.ttf */,
				E6A06B1C26A2EB09003999AB /* LabGrotesque-Regular.ttf */,
			);
			path = Fonts;
			sourceTree = "<group>";
		};
/* End PBXGroup section */

/* Begin PBXNativeTarget section */
		E6023C36269DB39B0035AA7F /* PresnyaHedonist */ = {
			isa = PBXNativeTarget;
			buildConfigurationList = E6023C64269DB39C0035AA7F /* Build configuration list for PBXNativeTarget "PresnyaHedonist" */;
			buildPhases = (
				056B98FDFB4CBE6921243BFF /* [CP] Check Pods Manifest.lock */,
				E6023C33269DB39B0035AA7F /* Sources */,
				E6023C34269DB39B0035AA7F /* Frameworks */,
				E6023C35269DB39B0035AA7F /* Resources */,
				C64588FC267AEA6279B6068A /* [CP] Embed Pods Frameworks */,
			);
			buildRules = (
			);
			dependencies = (
			);
			name = PresnyaHedonist;
			productName = PresnyaHedonist;
			productReference = E6023C37269DB39B0035AA7F /* PresnyaHedonist.app */;
			productType = "com.apple.product-type.application";
		};
		E6023C4F269DB39C0035AA7F /* PresnyaHedonistTests */ = {
			isa = PBXNativeTarget;
			buildConfigurationList = E6023C67269DB39C0035AA7F /* Build configuration list for PBXNativeTarget "PresnyaHedonistTests" */;
			buildPhases = (
				2476EE1FB7A6CC8BB986B710 /* [CP] Check Pods Manifest.lock */,
				E6023C4C269DB39C0035AA7F /* Sources */,
				E6023C4D269DB39C0035AA7F /* Frameworks */,
				E6023C4E269DB39C0035AA7F /* Resources */,
			);
			buildRules = (
			);
			dependencies = (
				E6023C52269DB39C0035AA7F /* PBXTargetDependency */,
			);
			name = PresnyaHedonistTests;
			productName = PresnyaHedonistTests;
			productReference = E6023C50269DB39C0035AA7F /* PresnyaHedonistTests.xctest */;
			productType = "com.apple.product-type.bundle.unit-test";
		};
		E6023C5A269DB39C0035AA7F /* PresnyaHedonistUITests */ = {
			isa = PBXNativeTarget;
			buildConfigurationList = E6023C6A269DB39C0035AA7F /* Build configuration list for PBXNativeTarget "PresnyaHedonistUITests" */;
			buildPhases = (
				FA75C52A921F0276C2C7553F /* [CP] Check Pods Manifest.lock */,
				E6023C57269DB39C0035AA7F /* Sources */,
				E6023C58269DB39C0035AA7F /* Frameworks */,
				E6023C59269DB39C0035AA7F /* Resources */,
				188693C18D74FD819F15A323 /* [CP] Embed Pods Frameworks */,
			);
			buildRules = (
			);
			dependencies = (
				E6023C5D269DB39C0035AA7F /* PBXTargetDependency */,
			);
			name = PresnyaHedonistUITests;
			productName = PresnyaHedonistUITests;
			productReference = E6023C5B269DB39C0035AA7F /* PresnyaHedonistUITests.xctest */;
			productType = "com.apple.product-type.bundle.ui-testing";
		};
/* End PBXNativeTarget section */

/* Begin PBXProject section */
		E6023C2F269DB39B0035AA7F /* Project object */ = {
			isa = PBXProject;
			attributes = {
				LastSwiftUpdateCheck = 1250;
				LastUpgradeCheck = 1250;
				TargetAttributes = {
					E6023C36269DB39B0035AA7F = {
						CreatedOnToolsVersion = 12.5.1;
					};
					E6023C4F269DB39C0035AA7F = {
						CreatedOnToolsVersion = 12.5.1;
						TestTargetID = E6023C36269DB39B0035AA7F;
					};
					E6023C5A269DB39C0035AA7F = {
						CreatedOnToolsVersion = 12.5.1;
						TestTargetID = E6023C36269DB39B0035AA7F;
					};
				};
			};
			buildConfigurationList = E6023C32269DB39B0035AA7F /* Build configuration list for PBXProject "PresnyaHedonist" */;
			compatibilityVersion = "Xcode 9.3";
			developmentRegion = en;
			hasScannedForEncodings = 0;
			knownRegions = (
				en,
				Base,
			);
			mainGroup = E6023C2E269DB39B0035AA7F;
			productRefGroup = E6023C38269DB39B0035AA7F /* Products */;
			projectDirPath = "";
			projectRoot = "";
			targets = (
				E6023C36269DB39B0035AA7F /* PresnyaHedonist */,
				E6023C4F269DB39C0035AA7F /* PresnyaHedonistTests */,
				E6023C5A269DB39C0035AA7F /* PresnyaHedonistUITests */,
			);
		};
/* End PBXProject section */

/* Begin PBXResourcesBuildPhase section */
		E6023C35269DB39B0035AA7F /* Resources */ = {
			isa = PBXResourcesBuildPhase;
			buildActionMask = 2147483647;
			files = (
				E6A06B2126A2EB09003999AB /* LabGrotesque-Black.ttf in Resources */,
				E6023C4A269DB39C0035AA7F /* LaunchScreen.storyboard in Resources */,
				E6023C47269DB39C0035AA7F /* Assets.xcassets in Resources */,
				E6A06B1F26A2EB09003999AB /* LabGrotesque-Bold.ttf in Resources */,
				E6023C42269DB39B0035AA7F /* Main.storyboard in Resources */,
				E692553E26A172550004E348 /* data.json in Resources */,
				E6A06B2226A2EB09003999AB /* LabGrotesque-Regular.ttf in Resources */,
				E6A06B2026A2EB09003999AB /* LabGrotesque-Medium.ttf in Resources */,
			);
			runOnlyForDeploymentPostprocessing = 0;
		};
		E6023C4E269DB39C0035AA7F /* Resources */ = {
			isa = PBXResourcesBuildPhase;
			buildActionMask = 2147483647;
			files = (
			);
			runOnlyForDeploymentPostprocessing = 0;
		};
		E6023C59269DB39C0035AA7F /* Resources */ = {
			isa = PBXResourcesBuildPhase;
			buildActionMask = 2147483647;
			files = (
			);
			runOnlyForDeploymentPostprocessing = 0;
		};
/* End PBXResourcesBuildPhase section */

/* Begin PBXShellScriptBuildPhase section */
		056B98FDFB4CBE6921243BFF /* [CP] Check Pods Manifest.lock */ = {
			isa = PBXShellScriptBuildPhase;
			buildActionMask = 2147483647;
			files = (
			);
			inputFileListPaths = (
			);
			inputPaths = (
				"${PODS_PODFILE_DIR_PATH}/Podfile.lock",
				"${PODS_ROOT}/Manifest.lock",
			);
			name = "[CP] Check Pods Manifest.lock";
			outputFileListPaths = (
			);
			outputPaths = (
				"$(DERIVED_FILE_DIR)/Pods-PresnyaHedonist-checkManifestLockResult.txt",
			);
			runOnlyForDeploymentPostprocessing = 0;
			shellPath = /bin/sh;
			shellScript = "diff \"${PODS_PODFILE_DIR_PATH}/Podfile.lock\" \"${PODS_ROOT}/Manifest.lock\" > /dev/null\nif [ $? != 0 ] ; then\n    # print error to STDERR\n    echo \"error: The sandbox is not in sync with the Podfile.lock. Run 'pod install' or update your CocoaPods installation.\" >&2\n    exit 1\nfi\n# This output is used by Xcode 'outputs' to avoid re-running this script phase.\necho \"SUCCESS\" > \"${SCRIPT_OUTPUT_FILE_0}\"\n";
			showEnvVarsInLog = 0;
		};
		188693C18D74FD819F15A323 /* [CP] Embed Pods Frameworks */ = {
			isa = PBXShellScriptBuildPhase;
			buildActionMask = 2147483647;
			files = (
			);
			inputFileListPaths = (
				"${PODS_ROOT}/Target Support Files/Pods-PresnyaHedonist-PresnyaHedonistUITests/Pods-PresnyaHedonist-PresnyaHedonistUITests-frameworks-${CONFIGURATION}-input-files.xcfilelist",
			);
			name = "[CP] Embed Pods Frameworks";
			outputFileListPaths = (
				"${PODS_ROOT}/Target Support Files/Pods-PresnyaHedonist-PresnyaHedonistUITests/Pods-PresnyaHedonist-PresnyaHedonistUITests-frameworks-${CONFIGURATION}-output-files.xcfilelist",
			);
			runOnlyForDeploymentPostprocessing = 0;
			shellPath = /bin/sh;
			shellScript = "\"${PODS_ROOT}/Target Support Files/Pods-PresnyaHedonist-PresnyaHedonistUITests/Pods-PresnyaHedonist-PresnyaHedonistUITests-frameworks.sh\"\n";
			showEnvVarsInLog = 0;
		};
		2476EE1FB7A6CC8BB986B710 /* [CP] Check Pods Manifest.lock */ = {
			isa = PBXShellScriptBuildPhase;
			buildActionMask = 2147483647;
			files = (
			);
			inputFileListPaths = (
			);
			inputPaths = (
				"${PODS_PODFILE_DIR_PATH}/Podfile.lock",
				"${PODS_ROOT}/Manifest.lock",
			);
			name = "[CP] Check Pods Manifest.lock";
			outputFileListPaths = (
			);
			outputPaths = (
				"$(DERIVED_FILE_DIR)/Pods-PresnyaHedonistTests-checkManifestLockResult.txt",
			);
			runOnlyForDeploymentPostprocessing = 0;
			shellPath = /bin/sh;
			shellScript = "diff \"${PODS_PODFILE_DIR_PATH}/Podfile.lock\" \"${PODS_ROOT}/Manifest.lock\" > /dev/null\nif [ $? != 0 ] ; then\n    # print error to STDERR\n    echo \"error: The sandbox is not in sync with the Podfile.lock. Run 'pod install' or update your CocoaPods installation.\" >&2\n    exit 1\nfi\n# This output is used by Xcode 'outputs' to avoid re-running this script phase.\necho \"SUCCESS\" > \"${SCRIPT_OUTPUT_FILE_0}\"\n";
			showEnvVarsInLog = 0;
		};
		C64588FC267AEA6279B6068A /* [CP] Embed Pods Frameworks */ = {
			isa = PBXShellScriptBuildPhase;
			buildActionMask = 2147483647;
			files = (
			);
			inputFileListPaths = (
				"${PODS_ROOT}/Target Support Files/Pods-PresnyaHedonist/Pods-PresnyaHedonist-frameworks-${CONFIGURATION}-input-files.xcfilelist",
			);
			name = "[CP] Embed Pods Frameworks";
			outputFileListPaths = (
				"${PODS_ROOT}/Target Support Files/Pods-PresnyaHedonist/Pods-PresnyaHedonist-frameworks-${CONFIGURATION}-output-files.xcfilelist",
			);
			runOnlyForDeploymentPostprocessing = 0;
			shellPath = /bin/sh;
			shellScript = "\"${PODS_ROOT}/Target Support Files/Pods-PresnyaHedonist/Pods-PresnyaHedonist-frameworks.sh\"\n";
			showEnvVarsInLog = 0;
		};
		FA75C52A921F0276C2C7553F /* [CP] Check Pods Manifest.lock */ = {
			isa = PBXShellScriptBuildPhase;
			buildActionMask = 2147483647;
			files = (
			);
			inputFileListPaths = (
			);
			inputPaths = (
				"${PODS_PODFILE_DIR_PATH}/Podfile.lock",
				"${PODS_ROOT}/Manifest.lock",
			);
			name = "[CP] Check Pods Manifest.lock";
			outputFileListPaths = (
			);
			outputPaths = (
				"$(DERIVED_FILE_DIR)/Pods-PresnyaHedonist-PresnyaHedonistUITests-checkManifestLockResult.txt",
			);
			runOnlyForDeploymentPostprocessing = 0;
			shellPath = /bin/sh;
			shellScript = "diff \"${PODS_PODFILE_DIR_PATH}/Podfile.lock\" \"${PODS_ROOT}/Manifest.lock\" > /dev/null\nif [ $? != 0 ] ; then\n    # print error to STDERR\n    echo \"error: The sandbox is not in sync with the Podfile.lock. Run 'pod install' or update your CocoaPods installation.\" >&2\n    exit 1\nfi\n# This output is used by Xcode 'outputs' to avoid re-running this script phase.\necho \"SUCCESS\" > \"${SCRIPT_OUTPUT_FILE_0}\"\n";
			showEnvVarsInLog = 0;
		};
/* End PBXShellScriptBuildPhase section */

/* Begin PBXSourcesBuildPhase section */
		E6023C33269DB39B0035AA7F /* Sources */ = {
			isa = PBXSourcesBuildPhase;
			buildActionMask = 2147483647;
			files = (
				E65F31F826ABF91200946DC2 /* ViewController + Ext.swift in Sources */,
				E6C1DD7F26B3E7C200329E37 /* MapVC.swift in Sources */,
				E6A1777F26EA42D50099CC5A /* MyAnnotation.swift in Sources */,
				E6023C81269DE4EF0035AA7F /* FavoritesVC.swift in Sources */,
				E6023C45269DB39B0035AA7F /* PresnyaHedonist.xcdatamodeld in Sources */,
				E6023C77269DE4400035AA7F /* DetailsVC.swift in Sources */,
				E6023C73269DE3A90035AA7F /* FeedCell.swift in Sources */,
				E6023C75269DE41C0035AA7F /* FeedVC.swift in Sources */,
				E652E0E926A43A1200DEDF92 /* TableView + Ext.swift in Sources */,
				E6023C79269DE45C0035AA7F /* InfoVC.swift in Sources */,
				E627A64D26DA0AA600F73D82 /* FavsCell.swift in Sources */,
				E6023C7B269DE47C0035AA7F /* PlaceMapVC.swift in Sources */,
				E6023C3B269DB39B0035AA7F /* AppDelegate.swift in Sources */,
				E6023C3D269DB39B0035AA7F /* SceneDelegate.swift in Sources */,
				E6023C83269DE54C0035AA7F /* Constants.swift in Sources */,
			);
			runOnlyForDeploymentPostprocessing = 0;
		};
		E6023C4C269DB39C0035AA7F /* Sources */ = {
			isa = PBXSourcesBuildPhase;
			buildActionMask = 2147483647;
			files = (
				E6023C55269DB39C0035AA7F /* PresnyaHedonistTests.swift in Sources */,
			);
			runOnlyForDeploymentPostprocessing = 0;
		};
		E6023C57269DB39C0035AA7F /* Sources */ = {
			isa = PBXSourcesBuildPhase;
			buildActionMask = 2147483647;
			files = (
				E6023C60269DB39C0035AA7F /* PresnyaHedonistUITests.swift in Sources */,
			);
			runOnlyForDeploymentPostprocessing = 0;
		};
/* End PBXSourcesBuildPhase section */

/* Begin PBXTargetDependency section */
		E6023C52269DB39C0035AA7F /* PBXTargetDependency */ = {
			isa = PBXTargetDependency;
			target = E6023C36269DB39B0035AA7F /* PresnyaHedonist */;
			targetProxy = E6023C51269DB39C0035AA7F /* PBXContainerItemProxy */;
		};
		E6023C5D269DB39C0035AA7F /* PBXTargetDependency */ = {
			isa = PBXTargetDependency;
			target = E6023C36269DB39B0035AA7F /* PresnyaHedonist */;
			targetProxy = E6023C5C269DB39C0035AA7F /* PBXContainerItemProxy */;
		};
/* End PBXTargetDependency section */

/* Begin PBXVariantGroup section */
		E6023C40269DB39B0035AA7F /* Main.storyboard */ = {
			isa = PBXVariantGroup;
			children = (
				E6023C41269DB39B0035AA7F /* Base */,
			);
			name = Main.storyboard;
			sourceTree = "<group>";
		};
		E6023C48269DB39C0035AA7F /* LaunchScreen.storyboard */ = {
			isa = PBXVariantGroup;
			children = (
				E6023C49269DB39C0035AA7F /* Base */,
			);
			name = LaunchScreen.storyboard;
			sourceTree = "<group>";
		};
/* End PBXVariantGroup section */

/* Begin XCBuildConfiguration section */
		E6023C62269DB39C0035AA7F /* Debug */ = {
			isa = XCBuildConfiguration;
			buildSettings = {
				ALWAYS_SEARCH_USER_PATHS = NO;
				CLANG_ANALYZER_NONNULL = YES;
				CLANG_ANALYZER_NUMBER_OBJECT_CONVERSION = YES_AGGRESSIVE;
				CLANG_CXX_LANGUAGE_STANDARD = "gnu++14";
				CLANG_CXX_LIBRARY = "libc++";
				CLANG_ENABLE_MODULES = YES;
				CLANG_ENABLE_OBJC_ARC = YES;
				CLANG_ENABLE_OBJC_WEAK = YES;
				CLANG_WARN_BLOCK_CAPTURE_AUTORELEASING = YES;
				CLANG_WARN_BOOL_CONVERSION = YES;
				CLANG_WARN_COMMA = YES;
				CLANG_WARN_CONSTANT_CONVERSION = YES;
				CLANG_WARN_DEPRECATED_OBJC_IMPLEMENTATIONS = YES;
				CLANG_WARN_DIRECT_OBJC_ISA_USAGE = YES_ERROR;
				CLANG_WARN_DOCUMENTATION_COMMENTS = YES;
				CLANG_WARN_EMPTY_BODY = YES;
				CLANG_WARN_ENUM_CONVERSION = YES;
				CLANG_WARN_INFINITE_RECURSION = YES;
				CLANG_WARN_INT_CONVERSION = YES;
				CLANG_WARN_NON_LITERAL_NULL_CONVERSION = YES;
				CLANG_WARN_OBJC_IMPLICIT_RETAIN_SELF = YES;
				CLANG_WARN_OBJC_LITERAL_CONVERSION = YES;
				CLANG_WARN_OBJC_ROOT_CLASS = YES_ERROR;
				CLANG_WARN_QUOTED_INCLUDE_IN_FRAMEWORK_HEADER = YES;
				CLANG_WARN_RANGE_LOOP_ANALYSIS = YES;
				CLANG_WARN_STRICT_PROTOTYPES = YES;
				CLANG_WARN_SUSPICIOUS_MOVE = YES;
				CLANG_WARN_UNGUARDED_AVAILABILITY = YES_AGGRESSIVE;
				CLANG_WARN_UNREACHABLE_CODE = YES;
				CLANG_WARN__DUPLICATE_METHOD_MATCH = YES;
				COPY_PHASE_STRIP = NO;
				DEBUG_INFORMATION_FORMAT = dwarf;
				ENABLE_STRICT_OBJC_MSGSEND = YES;
				ENABLE_TESTABILITY = YES;
				GCC_C_LANGUAGE_STANDARD = gnu11;
				GCC_DYNAMIC_NO_PIC = NO;
				GCC_NO_COMMON_BLOCKS = YES;
				GCC_OPTIMIZATION_LEVEL = 0;
				GCC_PREPROCESSOR_DEFINITIONS = (
					"DEBUG=1",
					"$(inherited)",
				);
				GCC_WARN_64_TO_32_BIT_CONVERSION = YES;
				GCC_WARN_ABOUT_RETURN_TYPE = YES_ERROR;
				GCC_WARN_UNDECLARED_SELECTOR = YES;
				GCC_WARN_UNINITIALIZED_AUTOS = YES_AGGRESSIVE;
				GCC_WARN_UNUSED_FUNCTION = YES;
				GCC_WARN_UNUSED_VARIABLE = YES;
				IPHONEOS_DEPLOYMENT_TARGET = 14.5;
				MTL_ENABLE_DEBUG_INFO = INCLUDE_SOURCE;
				MTL_FAST_MATH = YES;
				ONLY_ACTIVE_ARCH = YES;
				SDKROOT = iphoneos;
				SWIFT_ACTIVE_COMPILATION_CONDITIONS = DEBUG;
				SWIFT_OPTIMIZATION_LEVEL = "-Onone";
			};
			name = Debug;
		};
		E6023C63269DB39C0035AA7F /* Release */ = {
			isa = XCBuildConfiguration;
			buildSettings = {
				ALWAYS_SEARCH_USER_PATHS = NO;
				CLANG_ANALYZER_NONNULL = YES;
				CLANG_ANALYZER_NUMBER_OBJECT_CONVERSION = YES_AGGRESSIVE;
				CLANG_CXX_LANGUAGE_STANDARD = "gnu++14";
				CLANG_CXX_LIBRARY = "libc++";
				CLANG_ENABLE_MODULES = YES;
				CLANG_ENABLE_OBJC_ARC = YES;
				CLANG_ENABLE_OBJC_WEAK = YES;
				CLANG_WARN_BLOCK_CAPTURE_AUTORELEASING = YES;
				CLANG_WARN_BOOL_CONVERSION = YES;
				CLANG_WARN_COMMA = YES;
				CLANG_WARN_CONSTANT_CONVERSION = YES;
				CLANG_WARN_DEPRECATED_OBJC_IMPLEMENTATIONS = YES;
				CLANG_WARN_DIRECT_OBJC_ISA_USAGE = YES_ERROR;
				CLANG_WARN_DOCUMENTATION_COMMENTS = YES;
				CLANG_WARN_EMPTY_BODY = YES;
				CLANG_WARN_ENUM_CONVERSION = YES;
				CLANG_WARN_INFINITE_RECURSION = YES;
				CLANG_WARN_INT_CONVERSION = YES;
				CLANG_WARN_NON_LITERAL_NULL_CONVERSION = YES;
				CLANG_WARN_OBJC_IMPLICIT_RETAIN_SELF = YES;
				CLANG_WARN_OBJC_LITERAL_CONVERSION = YES;
				CLANG_WARN_OBJC_ROOT_CLASS = YES_ERROR;
				CLANG_WARN_QUOTED_INCLUDE_IN_FRAMEWORK_HEADER = YES;
				CLANG_WARN_RANGE_LOOP_ANALYSIS = YES;
				CLANG_WARN_STRICT_PROTOTYPES = YES;
				CLANG_WARN_SUSPICIOUS_MOVE = YES;
				CLANG_WARN_UNGUARDED_AVAILABILITY = YES_AGGRESSIVE;
				CLANG_WARN_UNREACHABLE_CODE = YES;
				CLANG_WARN__DUPLICATE_METHOD_MATCH = YES;
				COPY_PHASE_STRIP = NO;
				DEBUG_INFORMATION_FORMAT = "dwarf-with-dsym";
				ENABLE_NS_ASSERTIONS = NO;
				ENABLE_STRICT_OBJC_MSGSEND = YES;
				GCC_C_LANGUAGE_STANDARD = gnu11;
				GCC_NO_COMMON_BLOCKS = YES;
				GCC_WARN_64_TO_32_BIT_CONVERSION = YES;
				GCC_WARN_ABOUT_RETURN_TYPE = YES_ERROR;
				GCC_WARN_UNDECLARED_SELECTOR = YES;
				GCC_WARN_UNINITIALIZED_AUTOS = YES_AGGRESSIVE;
				GCC_WARN_UNUSED_FUNCTION = YES;
				GCC_WARN_UNUSED_VARIABLE = YES;
				IPHONEOS_DEPLOYMENT_TARGET = 14.5;
				MTL_ENABLE_DEBUG_INFO = NO;
				MTL_FAST_MATH = YES;
				SDKROOT = iphoneos;
				SWIFT_COMPILATION_MODE = wholemodule;
				SWIFT_OPTIMIZATION_LEVEL = "-O";
				VALIDATE_PRODUCT = YES;
			};
			name = Release;
		};
		E6023C65269DB39C0035AA7F /* Debug */ = {
			isa = XCBuildConfiguration;
			baseConfigurationReference = 7B8C0531B7671E7F94BD57B3 /* Pods-PresnyaHedonist.debug.xcconfig */;
			buildSettings = {
				ASSETCATALOG_COMPILER_APPICON_NAME = AppIcon;
				ASSETCATALOG_COMPILER_GLOBAL_ACCENT_COLOR_NAME = AccentColor;
				CODE_SIGN_STYLE = Automatic;
				DEVELOPMENT_TEAM = F8RY8W2DY6;
				INFOPLIST_FILE = PresnyaHedonist/Info.plist;
				IPHONEOS_DEPLOYMENT_TARGET = 13.0;
				LD_RUNPATH_SEARCH_PATHS = (
					"$(inherited)",
					"@executable_path/Frameworks",
				);
				MARKETING_VERSION = 1.4;
				PRODUCT_BUNDLE_IDENTIFIER = alexnorse.PresnyaHedonist;
				PRODUCT_NAME = "$(TARGET_NAME)";
				SWIFT_VERSION = 5.0;
				TARGETED_DEVICE_FAMILY = 1;
			};
			name = Debug;
		};
		E6023C66269DB39C0035AA7F /* Release */ = {
			isa = XCBuildConfiguration;
			baseConfigurationReference = 8464E818D0FFBADE37DF35DE /* Pods-PresnyaHedonist.release.xcconfig */;
			buildSettings = {
				ASSETCATALOG_COMPILER_APPICON_NAME = AppIcon;
				ASSETCATALOG_COMPILER_GLOBAL_ACCENT_COLOR_NAME = AccentColor;
				CODE_SIGN_STYLE = Automatic;
				DEVELOPMENT_TEAM = F8RY8W2DY6;
				INFOPLIST_FILE = PresnyaHedonist/Info.plist;
				IPHONEOS_DEPLOYMENT_TARGET = 13.0;
				LD_RUNPATH_SEARCH_PATHS = (
					"$(inherited)",
					"@executable_path/Frameworks",
				);
				MARKETING_VERSION = 1.4;
				PRODUCT_BUNDLE_IDENTIFIER = alexnorse.PresnyaHedonist;
				PRODUCT_NAME = "$(TARGET_NAME)";
				SWIFT_VERSION = 5.0;
				TARGETED_DEVICE_FAMILY = 1;
			};
			name = Release;
		};
		E6023C68269DB39C0035AA7F /* Debug */ = {
			isa = XCBuildConfiguration;
			baseConfigurationReference = 0FCC98EE4722969101B59D39 /* Pods-PresnyaHedonistTests.debug.xcconfig */;
			buildSettings = {
				ALWAYS_EMBED_SWIFT_STANDARD_LIBRARIES = YES;
				BUNDLE_LOADER = "$(TEST_HOST)";
				CODE_SIGN_STYLE = Automatic;
				INFOPLIST_FILE = PresnyaHedonistTests/Info.plist;
				IPHONEOS_DEPLOYMENT_TARGET = 14.5;
				LD_RUNPATH_SEARCH_PATHS = (
					"$(inherited)",
					"@executable_path/Frameworks",
					"@loader_path/Frameworks",
				);
				PRODUCT_BUNDLE_IDENTIFIER = alexnorse.PresnyaHedonistTests;
				PRODUCT_NAME = "$(TARGET_NAME)";
				SWIFT_VERSION = 5.0;
				TARGETED_DEVICE_FAMILY = "1,2";
				TEST_HOST = "$(BUILT_PRODUCTS_DIR)/PresnyaHedonist.app/PresnyaHedonist";
			};
			name = Debug;
		};
		E6023C69269DB39C0035AA7F /* Release */ = {
			isa = XCBuildConfiguration;
			baseConfigurationReference = D28F84562B785134D551398E /* Pods-PresnyaHedonistTests.release.xcconfig */;
			buildSettings = {
				ALWAYS_EMBED_SWIFT_STANDARD_LIBRARIES = YES;
				BUNDLE_LOADER = "$(TEST_HOST)";
				CODE_SIGN_STYLE = Automatic;
				INFOPLIST_FILE = PresnyaHedonistTests/Info.plist;
				IPHONEOS_DEPLOYMENT_TARGET = 14.5;
				LD_RUNPATH_SEARCH_PATHS = (
					"$(inherited)",
					"@executable_path/Frameworks",
					"@loader_path/Frameworks",
				);
				PRODUCT_BUNDLE_IDENTIFIER = alexnorse.PresnyaHedonistTests;
				PRODUCT_NAME = "$(TARGET_NAME)";
				SWIFT_VERSION = 5.0;
				TARGETED_DEVICE_FAMILY = "1,2";
				TEST_HOST = "$(BUILT_PRODUCTS_DIR)/PresnyaHedonist.app/PresnyaHedonist";
			};
			name = Release;
		};
		E6023C6B269DB39C0035AA7F /* Debug */ = {
			isa = XCBuildConfiguration;
			baseConfigurationReference = 080DAD067FAA74A22BA62732 /* Pods-PresnyaHedonist-PresnyaHedonistUITests.debug.xcconfig */;
			buildSettings = {
				ALWAYS_EMBED_SWIFT_STANDARD_LIBRARIES = YES;
				CODE_SIGN_STYLE = Automatic;
				INFOPLIST_FILE = PresnyaHedonistUITests/Info.plist;
				LD_RUNPATH_SEARCH_PATHS = (
					"$(inherited)",
					"@executable_path/Frameworks",
					"@loader_path/Frameworks",
				);
				PRODUCT_BUNDLE_IDENTIFIER = alexnorse.PresnyaHedonistUITests;
				PRODUCT_NAME = "$(TARGET_NAME)";
				SWIFT_VERSION = 5.0;
				TARGETED_DEVICE_FAMILY = "1,2";
				TEST_TARGET_NAME = PresnyaHedonist;
			};
			name = Debug;
		};
		E6023C6C269DB39C0035AA7F /* Release */ = {
			isa = XCBuildConfiguration;
			baseConfigurationReference = 16A4F7CFC9A9D6C2A081E609 /* Pods-PresnyaHedonist-PresnyaHedonistUITests.release.xcconfig */;
			buildSettings = {
				ALWAYS_EMBED_SWIFT_STANDARD_LIBRARIES = YES;
				CODE_SIGN_STYLE = Automatic;
				INFOPLIST_FILE = PresnyaHedonistUITests/Info.plist;
				LD_RUNPATH_SEARCH_PATHS = (
					"$(inherited)",
					"@executable_path/Frameworks",
					"@loader_path/Frameworks",
				);
				PRODUCT_BUNDLE_IDENTIFIER = alexnorse.PresnyaHedonistUITests;
				PRODUCT_NAME = "$(TARGET_NAME)";
				SWIFT_VERSION = 5.0;
				TARGETED_DEVICE_FAMILY = "1,2";
				TEST_TARGET_NAME = PresnyaHedonist;
			};
			name = Release;
		};
/* End XCBuildConfiguration section */

/* Begin XCConfigurationList section */
		E6023C32269DB39B0035AA7F /* Build configuration list for PBXProject "PresnyaHedonist" */ = {
			isa = XCConfigurationList;
			buildConfigurations = (
				E6023C62269DB39C0035AA7F /* Debug */,
				E6023C63269DB39C0035AA7F /* Release */,
			);
			defaultConfigurationIsVisible = 0;
			defaultConfigurationName = Release;
		};
		E6023C64269DB39C0035AA7F /* Build configuration list for PBXNativeTarget "PresnyaHedonist" */ = {
			isa = XCConfigurationList;
			buildConfigurations = (
				E6023C65269DB39C0035AA7F /* Debug */,
				E6023C66269DB39C0035AA7F /* Release */,
			);
			defaultConfigurationIsVisible = 0;
			defaultConfigurationName = Release;
		};
		E6023C67269DB39C0035AA7F /* Build configuration list for PBXNativeTarget "PresnyaHedonistTests" */ = {
			isa = XCConfigurationList;
			buildConfigurations = (
				E6023C68269DB39C0035AA7F /* Debug */,
				E6023C69269DB39C0035AA7F /* Release */,
			);
			defaultConfigurationIsVisible = 0;
			defaultConfigurationName = Release;
		};
		E6023C6A269DB39C0035AA7F /* Build configuration list for PBXNativeTarget "PresnyaHedonistUITests" */ = {
			isa = XCConfigurationList;
			buildConfigurations = (
				E6023C6B269DB39C0035AA7F /* Debug */,
				E6023C6C269DB39C0035AA7F /* Release */,
			);
			defaultConfigurationIsVisible = 0;
			defaultConfigurationName = Release;
		};
/* End XCConfigurationList section */

/* Begin XCVersionGroup section */
		E6023C43269DB39B0035AA7F /* PresnyaHedonist.xcdatamodeld */ = {
			isa = XCVersionGroup;
			children = (
				E6023C44269DB39B0035AA7F /* PresnyaHedonist.xcdatamodel */,
			);
			currentVersion = E6023C44269DB39B0035AA7F /* PresnyaHedonist.xcdatamodel */;
			path = PresnyaHedonist.xcdatamodeld;
			sourceTree = "<group>";
			versionGroupType = wrapper.xcdatamodel;
		};
/* End XCVersionGroup section */
	};
	rootObject = E6023C2F269DB39B0035AA7F /* Project object */;
}
